{
  "name": "code",
  "version": "1.0.0",
  "lockfileVersion": 1,
  "requires": true,
  "dependencies": {
    "gsap": {
      "version": "file:gsap-bonus.tgz",
      "integrity": "sha512-L0Cc2E/f9TGhdJg7vO/6jR59vgqtrWtu8nvZkTJvHSSHVyLmi4ph0aW3j9lVLmCG5E8FEzoyeQunpoFvMJV5ig==",
      "dev": true
    }
  }
}
